
Microsoft Visual Studio Solution File, Format Version 12.00
# Visual Studio Version 17
VisualStudioVersion = 17.0.31903.59
MinimumVisualStudioVersion = 10.0.40219.1
Project("{FAE04EC0-301F-11D3-BF4B-00C04F79EFBC}") = "Football.Management.Domain", "Football.Management.Domain\Football.Management.Domain.csproj", "{A0037C2F-E404-43D9-891D-DB23D096A214}"
EndProject
Project("{FAE04EC0-301F-11D3-BF4B-00C04F79EFBC}") = "Football.Management.Domain.Test", "Football.Management.Domain.Test\Football.Management.Domain.Test.csproj", "{3CC56C31-6C3F-46B7-9700-4FB39FE65D1E}"
EndProject
Global
	GlobalSection(SolutionConfigurationPlatforms) = preSolution
		Debug|Any CPU = Debug|Any CPU
		Release|Any CPU = Release|Any CPU
	EndGlobalSection
	GlobalSection(SolutionProperties) = preSolution
		HideSolutionNode = FALSE
	EndGlobalSection
	GlobalSection(ProjectConfigurationPlatforms) = postSolution
		{A0037C2F-E404-43D9-891D-DB23D096A214}.Debug|Any CPU.ActiveCfg = Debug|Any CPU
		{A0037C2F-E404-43D9-891D-DB23D096A214}.Debug|Any CPU.Build.0 = Debug|Any CPU
		{A0037C2F-E404-43D9-891D-DB23D096A214}.Release|Any CPU.ActiveCfg = Release|Any CPU
		{A0037C2F-E404-43D9-891D-DB23D096A214}.Release|Any CPU.Build.0 = Release|Any CPU
		{3CC56C31-6C3F-46B7-9700-4FB39FE65D1E}.Debug|Any CPU.ActiveCfg = Debug|Any CPU
		{3CC56C31-6C3F-46B7-9700-4FB39FE65D1E}.Debug|Any CPU.Build.0 = Debug|Any CPU
		{3CC56C31-6C3F-46B7-9700-4FB39FE65D1E}.Release|Any CPU.ActiveCfg = Release|Any CPU
		{3CC56C31-6C3F-46B7-9700-4FB39FE65D1E}.Release|Any CPU.Build.0 = Release|Any CPU
	EndGlobalSection
EndGlobal
