
Microsoft Visual Studio Solution File, Format Version 12.00
# Visual Studio Version 17
VisualStudioVersion = 17.0.31903.59
MinimumVisualStudioVersion = 10.0.40219.1
Project("{FAE04EC0-301F-11D3-BF4B-00C04F79EFBC}") = "Football.Management.Domain", "Football.Management.Domain\Football.Management.Domain.csproj", "{A0037C2F-E404-43D9-891D-DB23D096A214}"
EndProject
Project("{FAE04EC0-301F-11D3-BF4B-00C04F79EFBC}") = "Football.Management.Domain.Test", "Football.Management.Domain.Test\Football.Management.Domain.Test.csproj", "{3CC56C31-6C3F-46B7-9700-4FB39FE65D1E}"
EndProject
Project("{FAE04EC0-301F-11D3-BF4B-00C04F79EFBC}") = "Football.Management.Application", "Football.Management.Application\Football.Management.Application.csproj", "{70BF5828-437C-48F5-A3DD-36B49B0B22E4}"
EndProject
Project("{FAE04EC0-301F-11D3-BF4B-00C04F79EFBC}") = "Football.Management.Persistence", "Football.Management.Persistence\Football.Management.Persistence.csproj", "{F5308157-053D-4722-AD0E-3570FF224ECE}"
EndProject
Project("{FAE04EC0-301F-11D3-BF4B-00C04F79EFBC}") = "Football.Management.Presentation", "Football.Management.Presentation\Football.Management.Presentation.csproj", "{9016AF8A-0830-441E-83D8-F6600BB21B9E}"
EndProject
Project("{FAE04EC0-301F-11D3-BF4B-00C04F79EFBC}") = "Football.Management.Web", "Football.Management.Web\Football.Management.Web.csproj", "{55945F70-9E95-4760-BCE4-E6F42AE9A29D}"
EndProject
Global
	GlobalSection(SolutionConfigurationPlatforms) = preSolution
		Debug|Any CPU = Debug|Any CPU
		Release|Any CPU = Release|Any CPU
	EndGlobalSection
	GlobalSection(SolutionProperties) = preSolution
		HideSolutionNode = FALSE
	EndGlobalSection
	GlobalSection(ProjectConfigurationPlatforms) = postSolution
		{A0037C2F-E404-43D9-891D-DB23D096A214}.Debug|Any CPU.ActiveCfg = Debug|Any CPU
		{A0037C2F-E404-43D9-891D-DB23D096A214}.Debug|Any CPU.Build.0 = Debug|Any CPU
		{A0037C2F-E404-43D9-891D-DB23D096A214}.Release|Any CPU.ActiveCfg = Release|Any CPU
		{A0037C2F-E404-43D9-891D-DB23D096A214}.Release|Any CPU.Build.0 = Release|Any CPU
		{3CC56C31-6C3F-46B7-9700-4FB39FE65D1E}.Debug|Any CPU.ActiveCfg = Debug|Any CPU
		{3CC56C31-6C3F-46B7-9700-4FB39FE65D1E}.Debug|Any CPU.Build.0 = Debug|Any CPU
		{3CC56C31-6C3F-46B7-9700-4FB39FE65D1E}.Release|Any CPU.ActiveCfg = Release|Any CPU
		{3CC56C31-6C3F-46B7-9700-4FB39FE65D1E}.Release|Any CPU.Build.0 = Release|Any CPU
		{70BF5828-437C-48F5-A3DD-36B49B0B22E4}.Debug|Any CPU.ActiveCfg = Debug|Any CPU
		{70BF5828-437C-48F5-A3DD-36B49B0B22E4}.Debug|Any CPU.Build.0 = Debug|Any CPU
		{70BF5828-437C-48F5-A3DD-36B49B0B22E4}.Release|Any CPU.ActiveCfg = Release|Any CPU
		{70BF5828-437C-48F5-A3DD-36B49B0B22E4}.Release|Any CPU.Build.0 = Release|Any CPU
		{F5308157-053D-4722-AD0E-3570FF224ECE}.Debug|Any CPU.ActiveCfg = Debug|Any CPU
		{F5308157-053D-4722-AD0E-3570FF224ECE}.Debug|Any CPU.Build.0 = Debug|Any CPU
		{F5308157-053D-4722-AD0E-3570FF224ECE}.Release|Any CPU.ActiveCfg = Release|Any CPU
		{F5308157-053D-4722-AD0E-3570FF224ECE}.Release|Any CPU.Build.0 = Release|Any CPU
		{9016AF8A-0830-441E-83D8-F6600BB21B9E}.Debug|Any CPU.ActiveCfg = Debug|Any CPU
		{9016AF8A-0830-441E-83D8-F6600BB21B9E}.Debug|Any CPU.Build.0 = Debug|Any CPU
		{9016AF8A-0830-441E-83D8-F6600BB21B9E}.Release|Any CPU.ActiveCfg = Release|Any CPU
		{9016AF8A-0830-441E-83D8-F6600BB21B9E}.Release|Any CPU.Build.0 = Release|Any CPU
		{55945F70-9E95-4760-BCE4-E6F42AE9A29D}.Debug|Any CPU.ActiveCfg = Debug|Any CPU
		{55945F70-9E95-4760-BCE4-E6F42AE9A29D}.Debug|Any CPU.Build.0 = Debug|Any CPU
		{55945F70-9E95-4760-BCE4-E6F42AE9A29D}.Release|Any CPU.ActiveCfg = Release|Any CPU
		{55945F70-9E95-4760-BCE4-E6F42AE9A29D}.Release|Any CPU.Build.0 = Release|Any CPU
	EndGlobalSection
EndGlobal
